
Microsoft Visual Studio Solution File, Format Version 12.00
# Visual Studio Version 16
VisualStudioVersion = 16.0.31729.503
MinimumVisualStudioVersion = 10.0.40219.1
Project("{FAE04EC0-301F-11D3-BF4B-00C04F79EFBC}") = "sinema giriş sistemi", "sinema giriş sistemi\sinema giriş sistemi.csproj", "{16EB2959-7ED6-4314-8CE9-5D87146B3332}"
EndProject
Global
	GlobalSection(SolutionConfigurationPlatforms) = preSolution
		Debug|Any CPU = Debug|Any CPU
		Release|Any CPU = Release|Any CPU
	EndGlobalSection
	GlobalSection(ProjectConfigurationPlatforms) = postSolution
		{16EB2959-7ED6-4314-8CE9-5D87146B3332}.Debug|Any CPU.ActiveCfg = Debug|Any CPU
		{16EB2959-7ED6-4314-8CE9-5D87146B3332}.Debug|Any CPU.Build.0 = Debug|Any CPU
		{16EB2959-7ED6-4314-8CE9-5D87146B3332}.Release|Any CPU.ActiveCfg = Release|Any CPU
		{16EB2959-7ED6-4314-8CE9-5D87146B3332}.Release|Any CPU.Build.0 = Release|Any CPU
	EndGlobalSection
	GlobalSection(SolutionProperties) = preSolution
		HideSolutionNode = FALSE
	EndGlobalSection
	GlobalSection(ExtensibilityGlobals) = postSolution
		SolutionGuid = {6D915B71-086A-4141-8D00-220495B60EC0}
	EndGlobalSection
EndGlobal
